{
  "lockfile_version": "1",
  "packages": {
    "cargo-udeps@latest": {
      "last_modified": "2026-02-23T15:40:43Z",
      "resolved": "github:NixOS/nixpkgs/80d901ec0377e19ac3f7bb8c035201e2e098cc97#cargo-udeps",
      "source": "devbox-search",
      "version": "0.1.60",
      "systems": {
        "aarch64-darwin": {
          "outputs": [
            {
              "name": "out",
              "path": "/nix/store/pig37dpj7yy1cnv15cvffss4km3zqidp-cargo-udeps-0.1.60",
              "default": true
            }
          ],
          "store_path": "/nix/store/pig37dpj7yy1cnv15cvffss4km3zqidp-cargo-udeps-0.1.60"
        },
        "aarch64-linux": {
          "outputs": [
            {
              "name": "out",
              "path": "/nix/store/sc6gkcdamczaw76pvhgdwxm9qx7lmdd1-cargo-udeps-0.1.60",
              "default": true
            }
          ],
          "store_path": "/nix/store/sc6gkcdamczaw76pvhgdwxm9qx7lmdd1-cargo-udeps-0.1.60"
        },
        "x86_64-darwin": {
          "outputs": [
            {
              "name": "out",
              "path": "/nix/store/pyv58gw94phcrc8zjl6jc8dfl8b7fl39-cargo-udeps-0.1.60",
              "default": true
            }
          ],
          "store_path": "/nix/store/pyv58gw94phcrc8zjl6jc8dfl8b7fl39-cargo-udeps-0.1.60"
        },
        "x86_64-linux": {
          "outputs": [
            {
              "name": "out",
              "path": "/nix/store/6wvxajs4jcgx3agczzwy8b1mq6jfa0fx-cargo-udeps-0.1.60",
              "default": true
            }
          ],
          "store_path": "/nix/store/6wvxajs4jcgx3agczzwy8b1mq6jfa0fx-cargo-udeps-0.1.60"
        }
      }
    },
    "cargo-workspaces@latest": {
      "last_modified": "2026-02-23T15:40:43Z",
      "resolved": "github:NixOS/nixpkgs/80d901ec0377e19ac3f7bb8c035201e2e098cc97#cargo-workspaces",
      "source": "devbox-search",
      "version": "0.4.2",
      "systems": {
        "aarch64-darwin": {
          "outputs": [
            {
              "name": "out",
              "path": "/nix/store/kyxfybbimyzc8xb3mi977mnqdyl9dd8r-cargo-workspaces-0.4.2",
              "default": true
            }
          ],
          "store_path": "/nix/store/kyxfybbimyzc8xb3mi977mnqdyl9dd8r-cargo-workspaces-0.4.2"
        },
        "aarch64-linux": {
          "outputs": [
            {
              "name": "out",
              "path": "/nix/store/mbm0w34ic6kdmzdlqa07ggxkjgsjd3yk-cargo-workspaces-0.4.2",
              "default": true
            }
          ],
          "store_path": "/nix/store/mbm0w34ic6kdmzdlqa07ggxkjgsjd3yk-cargo-workspaces-0.4.2"
        },
        "x86_64-darwin": {
          "outputs": [
            {
              "name": "out",
              "path": "/nix/store/04j3l8ai62gql740wn4fl4vj31gw9gpk-cargo-workspaces-0.4.2",
              "default": true
            }
          ],
          "store_path": "/nix/store/04j3l8ai62gql740wn4fl4vj31gw9gpk-cargo-workspaces-0.4.2"
        },
        "x86_64-linux": {
          "outputs": [
            {
              "name": "out",
              "path": "/nix/store/767d68c9l4mra483ljbzbi3x24gd4310-cargo-workspaces-0.4.2",
              "default": true
            }
          ],
          "store_path": "/nix/store/767d68c9l4mra483ljbzbi3x24gd4310-cargo-workspaces-0.4.2"
        }
      }
    },
    "darwin.apple_sdk.frameworks.CoreServices": {
      "resolved": "github:NixOS/nixpkgs/75a52265bda7fd25e06e3a67dee3f0354e73243c#darwin.apple_sdk.frameworks.CoreServices",
      "source": "nixpkg",
      "systems": {
        "aarch64-darwin": {
          "outputs": [
            {
              "path": "/nix/store/j343fncqfbb6wdlrwj6dnfmvx4hi1zki-apple-framework-CoreServices-11.0.0",
              "default": true
            }
          ]
        }
      }
    },
    "darwin.apple_sdk.frameworks.Security": {
      "resolved": "github:NixOS/nixpkgs/75a52265bda7fd25e06e3a67dee3f0354e73243c#darwin.apple_sdk.frameworks.Security",
      "source": "nixpkg",
      "systems": {
        "aarch64-darwin": {
          "outputs": [
            {
              "path": "/nix/store/9jbhn62ld50znjqxll0q5gq9i4disc1s-apple-framework-Security-11.0.0",
              "default": true
            }
          ]
        }
      }
    },
    "darwin.apple_sdk.frameworks.SystemConfiguration": {
      "resolved": "github:NixOS/nixpkgs/75a52265bda7fd25e06e3a67dee3f0354e73243c#darwin.apple_sdk.frameworks.SystemConfiguration",
      "source": "nixpkg",
      "systems": {
        "aarch64-darwin": {
          "outputs": [
            {
              "path": "/nix/store/jaxmz1dvsz8il7nkxwzw8xfxac3sfz5v-apple-framework-SystemConfiguration-11.0.0",
              "default": true
            }
          ]
        }
      }
    },
    "git@latest": {
      "last_modified": "2026-03-02T11:03:52Z",
      "resolved": "github:NixOS/nixpkgs/dc7513872406b53d2ff417a003895d6daffdff2f#git",
      "source": "devbox-search",
      "version": "2.53.0",
      "systems": {
        "aarch64-darwin": {
          "outputs": [
            {
              "name": "out",
              "path": "/nix/store/rfbzyqcygzpyh5ncb79n07x8bhws2pq3-git-2.53.0",
              "default": true
            },
            {
              "name": "doc",
              "path": "/nix/store/lgbyzfz2j1j7g47331i5684765akl38m-git-2.53.0-doc"
            }
          ],
          "store_path": "/nix/store/rfbzyqcygzpyh5ncb79n07x8bhws2pq3-git-2.53.0"
        },
        "aarch64-linux": {
          "outputs": [
            {
              "name": "out",
              "path": "/nix/store/xz8bzpl5fz92bkhcdmf4g45znvvzcakd-git-2.53.0",
              "default": true
            },
            {
              "name": "debug",
              "path": "/nix/store/xr7sgggqixdji66nhax03lwmk25ms7af-git-2.53.0-debug"
            },
            {
              "name": "doc",
              "path": "/nix/store/lspm2ph3iad5y9irmh2wms6bm3nhhy76-git-2.53.0-doc"
            }
          ],
          "store_path": "/nix/store/xz8bzpl5fz92bkhcdmf4g45znvvzcakd-git-2.53.0"
        },
        "x86_64-darwin": {
          "outputs": [
            {
              "name": "out",
              "path": "/nix/store/bmddbpv896f9rgnm0835434qjiqh1psc-git-2.53.0",
              "default": true
            },
            {
              "name": "doc",
              "path": "/nix/store/0wx1wdjy7imyv7cp6p6m2l17ycq7n3q4-git-2.53.0-doc"
            }
          ],
          "store_path": "/nix/store/bmddbpv896f9rgnm0835434qjiqh1psc-git-2.53.0"
        },
        "x86_64-linux": {
          "outputs": [
            {
              "name": "out",
              "path": "/nix/store/8x49w8i0vafv34rlc6h4a0f7z0z2qpb5-git-2.53.0",
              "default": true
            },
            {
              "name": "debug",
              "path": "/nix/store/i9fi7yqx2z2dryn80w5pr4b1v4nmyida-git-2.53.0-debug"
            },
            {
              "name": "doc",
              "path": "/nix/store/frqc9w8q0dxsg7b8w3j0cv1lb9bd6xww-git-2.53.0-doc"
            }
          ],
          "store_path": "/nix/store/8x49w8i0vafv34rlc6h4a0f7z0z2qpb5-git-2.53.0"
        }
      }
    },
    "github:NixOS/nixpkgs/nixpkgs-unstable": {
      "last_modified": "2026-03-18T13:30:56Z",
      "resolved": "github:NixOS/nixpkgs/9cf7092bdd603554bd8b63c216e8943cf9b12512?lastModified=1773840656"
    },
    "less@latest": {
      "last_modified": "2026-02-23T15:40:43Z",
      "resolved": "github:NixOS/nixpkgs/80d901ec0377e19ac3f7bb8c035201e2e098cc97#less",
      "source": "devbox-search",
      "version": "691",
      "systems": {
        "aarch64-darwin": {
          "outputs": [
            {
              "name": "out",
              "path": "/nix/store/g4abjpa48lwvx0400s4ahril7nizy29m-less-691",
              "default": true
            },
            {
              "name": "man",
              "path": "/nix/store/w5gxwbnpqqfwvslr66x4zkq3vzs22g80-less-691-man",
              "default": true
            }
          ],
          "store_path": "/nix/store/g4abjpa48lwvx0400s4ahril7nizy29m-less-691"
        },
        "aarch64-linux": {
          "outputs": [
            {
              "name": "out",
              "path": "/nix/store/d8iqqm990f5hh1k4yykbv7azwak2pi91-less-691",
              "default": true
            },
            {
              "name": "man",
              "path": "/nix/store/f4a57c3164llir7b5igj98qp9fwy70wv-less-691-man",
              "default": true
            }
          ],
          "store_path": "/nix/store/d8iqqm990f5hh1k4yykbv7azwak2pi91-less-691"
        },
        "x86_64-darwin": {
          "outputs": [
            {
              "name": "out",
              "path": "/nix/store/v8wf8yn7mr02mjicn75yn2kyng5rfjpl-less-691",
              "default": true
            },
            {
              "name": "man",
              "path": "/nix/store/pl2rswby8a30ylpzalrn1sfqbskkrzbl-less-691-man",
              "default": true
            }
          ],
          "store_path": "/nix/store/v8wf8yn7mr02mjicn75yn2kyng5rfjpl-less-691"
        },
        "x86_64-linux": {
          "outputs": [
            {
              "name": "out",
              "path": "/nix/store/m7b6lqw0pjhhsvcwsjhjp8b2iam75dld-less-691",
              "default": true
            },
            {
              "name": "man",
              "path": "/nix/store/mixdqqh15rkzqpgbkj4fzhk6bchs7s0p-less-691-man",
              "default": true
            }
          ],
          "store_path": "/nix/store/m7b6lqw0pjhhsvcwsjhjp8b2iam75dld-less-691"
        }
      }
    },
    "libiconv@latest": {
      "last_modified": "2026-02-23T15:40:43Z",
      "resolved": "github:NixOS/nixpkgs/80d901ec0377e19ac3f7bb8c035201e2e098cc97#libiconv",
      "source": "devbox-search",
      "version": "2.42",
      "systems": {
        "aarch64-darwin": {
          "outputs": [
            {
              "path": "/nix/store/ik1b3z19bgk8lagf461zq222kxrpdynb-libiconv-109.100.2",
              "default": true
            }
          ]
        },
        "aarch64-linux": {
          "outputs": [
            {
              "name": "out",
              "path": "/nix/store/d9rrgkc56k3adxngwsmhmlsmgxl8srhq-glibc-iconv-2.42",
              "default": true
            }
          ],
          "store_path": "/nix/store/d9rrgkc56k3adxngwsmhmlsmgxl8srhq-glibc-iconv-2.42"
        },
        "x86_64-linux": {
          "outputs": [
            {
              "name": "out",
              "path": "/nix/store/p73x5sdhi1wgas4d6mm8yxbzawih2yp2-glibc-iconv-2.42",
              "default": true
            }
          ],
          "store_path": "/nix/store/p73x5sdhi1wgas4d6mm8yxbzawih2yp2-glibc-iconv-2.42"
        }
      }
    },
    "nodejs@18": {
      "last_modified": "2025-04-17T05:47:26Z",
      "plugin_version": "0.0.2",
      "resolved": "github:NixOS/nixpkgs/ebe4301cbd8f81c4f8d3244b3632338bbeb6d49c#nodejs_18",
      "source": "devbox-search",
      "version": "18.20.8",
      "systems": {
        "aarch64-darwin": {
          "outputs": [
            {
              "name": "out",
              "path": "/nix/store/73cc4bwqdn6pm3jj33yj5r2kwd0l755g-nodejs-18.20.8",
              "default": true
            },
            {
              "name": "dev",
              "path": "/nix/store/h4zmsb8h1lan5nfhsqllcjv8lh535m72-nodejs-18.20.8-dev"
            },
            {
              "name": "libv8",
              "path": "/nix/store/pplb0ibvjw0wjb8690f2ldj9kx2ifhdx-nodejs-18.20.8-libv8"
            }
          ],
          "store_path": "/nix/store/73cc4bwqdn6pm3jj33yj5r2kwd0l755g-nodejs-18.20.8"
        },
        "aarch64-linux": {
          "outputs": [
            {
              "name": "out",
              "path": "/nix/store/fkdigjnf5xaa0xg0y95xzylmglyvkk0a-nodejs-18.20.8",
              "default": true
            },
            {
              "name": "dev",
              "path": "/nix/store/22qpcyra5nbjhz5kfgb5ssnc0vvccvsy-nodejs-18.20.8-dev"
            },
            {
              "name": "libv8",
              "path": "/nix/store/l2w31asaqkqxi83q5vafpgq3xrqgq455-nodejs-18.20.8-libv8"
            }
          ],
          "store_path": "/nix/store/fkdigjnf5xaa0xg0y95xzylmglyvkk0a-nodejs-18.20.8"
        },
        "x86_64-darwin": {
          "outputs": [
            {
              "name": "out",
              "path": "/nix/store/ggvlfwnxvd0vynm8g572vnhia42nk347-nodejs-18.20.8",
              "default": true
            },
            {
              "name": "libv8",
              "path": "/nix/store/x86dr8x9xn0x2bxdk2231csaaxjh4lb3-nodejs-18.20.8-libv8"
            },
            {
              "name": "dev",
              "path": "/nix/store/0b7c4rbb38m6g9q0vcfczx3kbm3z7fns-nodejs-18.20.8-dev"
            }
          ],
          "store_path": "/nix/store/ggvlfwnxvd0vynm8g572vnhia42nk347-nodejs-18.20.8"
        },
        "x86_64-linux": {
          "outputs": [
            {
              "name": "out",
              "path": "/nix/store/0110yhlgniwfpy4iarjgnfqcvn6zhs37-nodejs-18.20.8",
              "default": true
            },
            {
              "name": "libv8",
              "path": "/nix/store/djyml6gzfhz511amx5d2mqy50p9hd2gz-nodejs-18.20.8-libv8"
            },
            {
              "name": "dev",
              "path": "/nix/store/9h65bm05d96j55ifsbb8w14r6f05c7kr-nodejs-18.20.8-dev"
            }
          ],
          "store_path": "/nix/store/0110yhlgniwfpy4iarjgnfqcvn6zhs37-nodejs-18.20.8"
        }
      }
    },
    "openssh@latest": {
      "last_modified": "2026-02-23T15:40:43Z",
      "resolved": "github:NixOS/nixpkgs/80d901ec0377e19ac3f7bb8c035201e2e098cc97#openssh",
      "source": "devbox-search",
      "version": "10.2p1",
      "systems": {
        "aarch64-darwin": {
          "outputs": [
            {
              "name": "out",
              "path": "/nix/store/x1755knxn6n00236wxxjxqa1had0982j-openssh-10.2p1",
              "default": true
            },
            {
              "name": "man",
              "path": "/nix/store/5m5ar1742zg6jjpafvb097khfkahnv8s-openssh-10.2p1-man",
              "default": true
            },
            {
              "name": "dev",
              "path": "/nix/store/6c8yawjfglam6wv7a9rv428786carc5q-openssh-10.2p1-dev"
            }
          ],
          "store_path": "/nix/store/x1755knxn6n00236wxxjxqa1had0982j-openssh-10.2p1"
        },
        "aarch64-linux": {
          "outputs": [
            {
              "name": "out",
              "path": "/nix/store/w8rl5kim0qrp32qghllqnxphcvijydga-openssh-10.2p1",
              "default": true
            },
            {
              "name": "man",
              "path": "/nix/store/r64kqsawjd1cpaqm31q16w5gyzz4amp8-openssh-10.2p1-man",
              "default": true
            },
            {
              "name": "dev",
              "path": "/nix/store/ifz98frl6gf3f27qf83y0mpmng696dc8-openssh-10.2p1-dev"
            }
          ],
          "store_path": "/nix/store/w8rl5kim0qrp32qghllqnxphcvijydga-openssh-10.2p1"
        },
        "x86_64-darwin": {
          "outputs": [
            {
              "name": "out",
              "path": "/nix/store/zpcnw9flz4xv9ivzbvg1wxlzy44ghhp3-openssh-10.2p1",
              "default": true
            },
            {
              "name": "man",
              "path": "/nix/store/9jiwj275j16gl241n4w7d2l2z5mds7mh-openssh-10.2p1-man",
              "default": true
            },
            {
              "name": "dev",
              "path": "/nix/store/b95s3jhj9da92r357xziy2501czzls2m-openssh-10.2p1-dev"
            }
          ],
          "store_path": "/nix/store/zpcnw9flz4xv9ivzbvg1wxlzy44ghhp3-openssh-10.2p1"
        },
        "x86_64-linux": {
          "outputs": [
            {
              "name": "out",
              "path": "/nix/store/vlhrk50xg0lmivk049q8yygbsm86l6m0-openssh-10.2p1",
              "default": true
            },
            {
              "name": "man",
              "path": "/nix/store/xv8qlypb39zd2lqcs5fmqzvby029ra7c-openssh-10.2p1-man",
              "default": true
            },
            {
              "name": "dev",
              "path": "/nix/store/mmaipxrzn6l5n3iv21i9q41b4xvpf0iy-openssh-10.2p1-dev"
            }
          ],
          "store_path": "/nix/store/vlhrk50xg0lmivk049q8yygbsm86l6m0-openssh-10.2p1"
        }
      }
    },
    "rustup@latest": {
      "last_modified": "2026-02-23T15:40:43Z",
      "plugin_version": "0.0.1",
      "resolved": "github:NixOS/nixpkgs/80d901ec0377e19ac3f7bb8c035201e2e098cc97#rustup",
      "source": "devbox-search",
      "version": "1.28.2",
      "systems": {
        "aarch64-darwin": {
          "outputs": [
            {
              "name": "out",
              "path": "/nix/store/6h6jsqm3jw1j4cyg7sfcfxaip9lqbwgw-rustup-1.28.2",
              "default": true
            }
          ],
          "store_path": "/nix/store/6h6jsqm3jw1j4cyg7sfcfxaip9lqbwgw-rustup-1.28.2"
        },
        "aarch64-linux": {
          "outputs": [
            {
              "name": "out",
              "path": "/nix/store/9cqn3746dv8zka9nknpqh9bnhg0nd8np-rustup-1.28.2",
              "default": true
            }
          ],
          "store_path": "/nix/store/9cqn3746dv8zka9nknpqh9bnhg0nd8np-rustup-1.28.2"
        },
        "x86_64-darwin": {
          "outputs": [
            {
              "name": "out",
              "path": "/nix/store/v4fbq8arr7jpahcqs0zy4f867b3frc6l-rustup-1.28.2",
              "default": true
            }
          ],
          "store_path": "/nix/store/v4fbq8arr7jpahcqs0zy4f867b3frc6l-rustup-1.28.2"
        },
        "x86_64-linux": {
          "outputs": [
            {
              "name": "out",
              "path": "/nix/store/17zvb7nfsz9x184ilpygcwrjc4hrcwjr-rustup-1.28.2",
              "default": true
            }
          ],
          "store_path": "/nix/store/17zvb7nfsz9x184ilpygcwrjc4hrcwjr-rustup-1.28.2"
        }
      }
    },
    "trunk@latest": {
      "last_modified": "2026-02-23T15:40:43Z",
      "resolved": "github:NixOS/nixpkgs/80d901ec0377e19ac3f7bb8c035201e2e098cc97#trunk",
      "source": "devbox-search",
      "version": "0.21.14",
      "systems": {
        "aarch64-darwin": {
          "outputs": [
            {
              "name": "out",
              "path": "/nix/store/61pcb5g5qsazfml4676nyd8s65mysjl9-trunk-0.21.14",
              "default": true
            }
          ],
          "store_path": "/nix/store/61pcb5g5qsazfml4676nyd8s65mysjl9-trunk-0.21.14"
        },
        "aarch64-linux": {
          "outputs": [
            {
              "name": "out",
              "path": "/nix/store/sxvpkdalsqbkm4csvjxbl624yw3d8gfm-trunk-0.21.14",
              "default": true
            }
          ],
          "store_path": "/nix/store/sxvpkdalsqbkm4csvjxbl624yw3d8gfm-trunk-0.21.14"
        },
        "x86_64-darwin": {
          "outputs": [
            {
              "name": "out",
              "path": "/nix/store/ncnklrhfl22ys7n66hr1dabw8jqf8c8r-trunk-0.21.14",
              "default": true
            }
          ],
          "store_path": "/nix/store/ncnklrhfl22ys7n66hr1dabw8jqf8c8r-trunk-0.21.14"
        },
        "x86_64-linux": {
          "outputs": [
            {
              "name": "out",
              "path": "/nix/store/fmww9356avy129m75swcpmmk4360xxhi-trunk-0.21.14",
              "default": true
            }
          ],
          "store_path": "/nix/store/fmww9356avy129m75swcpmmk4360xxhi-trunk-0.21.14"
        }
      }
    },
    "typescript@latest": {
      "last_modified": "2026-02-23T15:40:43Z",
      "resolved": "github:NixOS/nixpkgs/80d901ec0377e19ac3f7bb8c035201e2e098cc97#typescript",
      "source": "devbox-search",
      "version": "5.9.3",
      "systems": {
        "aarch64-darwin": {
          "outputs": [
            {
              "name": "out",
              "path": "/nix/store/4ljbrd7cr6dj5hmvfccwczlmbyxdnd44-typescript-5.9.3",
              "default": true
            }
          ],
          "store_path": "/nix/store/4ljbrd7cr6dj5hmvfccwczlmbyxdnd44-typescript-5.9.3"
        },
        "aarch64-linux": {
          "outputs": [
            {
              "name": "out",
              "path": "/nix/store/lr75l0b1lcdh18a89cg5hcl9bfn85b9a-typescript-5.9.3",
              "default": true
            }
          ],
          "store_path": "/nix/store/lr75l0b1lcdh18a89cg5hcl9bfn85b9a-typescript-5.9.3"
        },
        "x86_64-darwin": {
          "outputs": [
            {
              "name": "out",
              "path": "/nix/store/fmvk53a3i83xkpps045d36j92g1s3k4i-typescript-5.9.3",
              "default": true
            }
          ],
          "store_path": "/nix/store/fmvk53a3i83xkpps045d36j92g1s3k4i-typescript-5.9.3"
        },
        "x86_64-linux": {
          "outputs": [
            {
              "name": "out",
              "path": "/nix/store/716f9vxn5aan1g1pfv1pmn5jiks4gnhi-typescript-5.9.3",
              "default": true
            }
          ],
          "store_path": "/nix/store/716f9vxn5aan1g1pfv1pmn5jiks4gnhi-typescript-5.9.3"
        }
      }
    },
    "vim@latest": {
      "last_modified": "2026-03-07T23:46:50Z",
      "resolved": "github:NixOS/nixpkgs/0e6cdd5be64608ef630c2e41f8d51d484468492f#vim",
      "source": "devbox-search",
      "version": "9.2.0106",
      "systems": {
        "aarch64-darwin": {
          "outputs": [
            {
              "name": "out",
              "path": "/nix/store/6fbv9xmrij2v5hzlzh1azqfnll620sc0-vim-9.2.0106",
              "default": true
            },
            {
              "name": "xxd",
              "path": "/nix/store/i53p1rh90xbr1qfjml4asyzx0bi5khc3-vim-9.2.0106-xxd",
              "default": true
            }
          ],
          "store_path": "/nix/store/6fbv9xmrij2v5hzlzh1azqfnll620sc0-vim-9.2.0106"
        },
        "aarch64-linux": {
          "outputs": [
            {
              "name": "out",
              "path": "/nix/store/lfsyq58gvh2n61aa30l047abvra5j8dn-vim-9.2.0106",
              "default": true
            },
            {
              "name": "xxd",
              "path": "/nix/store/x5x9d2hx7if6xkl8ax84yynyc7ld2w8x-vim-9.2.0106-xxd",
              "default": true
            }
          ],
          "store_path": "/nix/store/lfsyq58gvh2n61aa30l047abvra5j8dn-vim-9.2.0106"
        },
        "x86_64-darwin": {
          "outputs": [
            {
              "name": "out",
              "path": "/nix/store/l88v0r6yzhi2mvj5h6wl7jq8l8ab9116-vim-9.2.0106",
              "default": true
            },
            {
              "name": "xxd",
              "path": "/nix/store/r9jbi5xl76cb5fr8rkvxvmgqm979dmn6-vim-9.2.0106-xxd",
              "default": true
            }
          ],
          "store_path": "/nix/store/l88v0r6yzhi2mvj5h6wl7jq8l8ab9116-vim-9.2.0106"
        },
        "x86_64-linux": {
          "outputs": [
            {
              "name": "out",
              "path": "/nix/store/jz1jwbvhjcl3w0q62f2bmf8g6afzim4f-vim-9.2.0106",
              "default": true
            },
            {
              "name": "xxd",
              "path": "/nix/store/in5lfsjjk24yc3zi6s8ncldcf31frskg-vim-9.2.0106-xxd",
              "default": true
            }
          ],
          "store_path": "/nix/store/jz1jwbvhjcl3w0q62f2bmf8g6afzim4f-vim-9.2.0106"
        }
      }
    },
    "wasm-pack@latest": {
      "last_modified": "2026-02-23T15:40:43Z",
      "resolved": "github:NixOS/nixpkgs/80d901ec0377e19ac3f7bb8c035201e2e098cc97#wasm-pack",
      "source": "devbox-search",
      "version": "0.13.1",
      "systems": {
        "aarch64-darwin": {
          "outputs": [
            {
              "name": "out",
              "path": "/nix/store/4nc1m1ycrg28j8q5p5kpbgxkaigqhrzp-wasm-pack-0.13.1",
              "default": true
            }
          ],
          "store_path": "/nix/store/4nc1m1ycrg28j8q5p5kpbgxkaigqhrzp-wasm-pack-0.13.1"
        },
        "aarch64-linux": {
          "outputs": [
            {
              "name": "out",
              "path": "/nix/store/d837734jgi9rmx16dbrs0p9jqqxkpmag-wasm-pack-0.13.1",
              "default": true
            }
          ],
          "store_path": "/nix/store/d837734jgi9rmx16dbrs0p9jqqxkpmag-wasm-pack-0.13.1"
        },
        "x86_64-darwin": {
          "outputs": [
            {
              "name": "out",
              "path": "/nix/store/sf8cbxk1ah5vww6r24hbs299ny0azqj6-wasm-pack-0.13.1",
              "default": true
            }
          ],
          "store_path": "/nix/store/sf8cbxk1ah5vww6r24hbs299ny0azqj6-wasm-pack-0.13.1"
        },
        "x86_64-linux": {
          "outputs": [
            {
              "name": "out",
              "path": "/nix/store/yr6d7vb9mgcv7gjhr5w197kyb28xvbhg-wasm-pack-0.13.1",
              "default": true
            }
          ],
          "store_path": "/nix/store/yr6d7vb9mgcv7gjhr5w197kyb28xvbhg-wasm-pack-0.13.1"
        }
      }
    },
    "which@latest": {
      "last_modified": "2026-03-02T11:03:52Z",
      "resolved": "github:NixOS/nixpkgs/dc7513872406b53d2ff417a003895d6daffdff2f#which",
      "source": "devbox-search",
      "version": "2.23",
      "systems": {
        "aarch64-darwin": {
          "outputs": [
            {
              "name": "out",
              "path": "/nix/store/dqj1jg4vdyhdv9iqpzd78pdh21h7449v-which-2.23",
              "default": true
            }
          ],
          "store_path": "/nix/store/dqj1jg4vdyhdv9iqpzd78pdh21h7449v-which-2.23"
        },
        "aarch64-linux": {
          "outputs": [
            {
              "name": "out",
              "path": "/nix/store/lymxlx87284hnp5a0rw2xbmkik4mkvl7-which-2.23",
              "default": true
            }
          ],
          "store_path": "/nix/store/lymxlx87284hnp5a0rw2xbmkik4mkvl7-which-2.23"
        },
        "x86_64-darwin": {
          "outputs": [
            {
              "name": "out",
              "path": "/nix/store/aws9p3nxyvgfp3d8k2ar191hs3zyml20-which-2.23",
              "default": true
            }
          ],
          "store_path": "/nix/store/aws9p3nxyvgfp3d8k2ar191hs3zyml20-which-2.23"
        },
        "x86_64-linux": {
          "outputs": [
            {
              "name": "out",
              "path": "/nix/store/r4k27sfd5psf3if9imbsjfcgba3g6lx5-which-2.23",
              "default": true
            }
          ],
          "store_path": "/nix/store/r4k27sfd5psf3if9imbsjfcgba3g6lx5-which-2.23"
        }
      }
    }
  }
}
