{
  "lockfile_version": "1",
  "packages": {
    "cargo-udeps@latest": {
      "last_modified": "2025-02-23T09:42:26Z",
      "resolved": "github:NixOS/nixpkgs/2d068ae5c6516b2d04562de50a58c682540de9bf#cargo-udeps",
      "source": "devbox-search",
      "version": "0.1.55",
      "systems": {
        "aarch64-darwin": {
          "outputs": [
            {
              "name": "out",
              "path": "/nix/store/101dpg8hqds6lgg4dzr0yvkc4cby9smf-cargo-udeps-0.1.55",
              "default": true
            }
          ],
          "store_path": "/nix/store/101dpg8hqds6lgg4dzr0yvkc4cby9smf-cargo-udeps-0.1.55"
        },
        "aarch64-linux": {
          "outputs": [
            {
              "name": "out",
              "path": "/nix/store/5kxqx7ykcf5jmjfzl935xpr9dz03ykvz-cargo-udeps-0.1.55",
              "default": true
            }
          ],
          "store_path": "/nix/store/5kxqx7ykcf5jmjfzl935xpr9dz03ykvz-cargo-udeps-0.1.55"
        },
        "x86_64-darwin": {
          "outputs": [
            {
              "name": "out",
              "path": "/nix/store/wk3iik6nk7ir8llrnbdna1i3kp6k32i8-cargo-udeps-0.1.55",
              "default": true
            }
          ],
          "store_path": "/nix/store/wk3iik6nk7ir8llrnbdna1i3kp6k32i8-cargo-udeps-0.1.55"
        },
        "x86_64-linux": {
          "outputs": [
            {
              "name": "out",
              "path": "/nix/store/4fxha7cy1bkrpjbfa8q1cn0jvgzsklm1-cargo-udeps-0.1.55",
              "default": true
            }
          ],
          "store_path": "/nix/store/4fxha7cy1bkrpjbfa8q1cn0jvgzsklm1-cargo-udeps-0.1.55"
        }
      }
    },
    "darwin.apple_sdk.frameworks.CoreServices": {
      "resolved": "github:NixOS/nixpkgs/75a52265bda7fd25e06e3a67dee3f0354e73243c#darwin.apple_sdk.frameworks.CoreServices",
      "source": "nixpkg",
      "systems": {
        "aarch64-darwin": {
          "outputs": [
            {
              "path": "/nix/store/j343fncqfbb6wdlrwj6dnfmvx4hi1zki-apple-framework-CoreServices-11.0.0",
              "default": true
            }
          ]
        }
      }
    },
    "darwin.apple_sdk.frameworks.Security": {
      "resolved": "github:NixOS/nixpkgs/75a52265bda7fd25e06e3a67dee3f0354e73243c#darwin.apple_sdk.frameworks.Security",
      "source": "nixpkg",
      "systems": {
        "aarch64-darwin": {
          "outputs": [
            {
              "path": "/nix/store/9jbhn62ld50znjqxll0q5gq9i4disc1s-apple-framework-Security-11.0.0",
              "default": true
            }
          ]
        }
      }
    },
    "darwin.apple_sdk.frameworks.SystemConfiguration": {
      "resolved": "github:NixOS/nixpkgs/75a52265bda7fd25e06e3a67dee3f0354e73243c#darwin.apple_sdk.frameworks.SystemConfiguration",
      "source": "nixpkg",
      "systems": {
        "aarch64-darwin": {
          "outputs": [
            {
              "path": "/nix/store/jaxmz1dvsz8il7nkxwzw8xfxac3sfz5v-apple-framework-SystemConfiguration-11.0.0",
              "default": true
            }
          ]
        }
      }
    },
    "git@latest": {
      "last_modified": "2025-02-23T09:42:26Z",
      "resolved": "github:NixOS/nixpkgs/2d068ae5c6516b2d04562de50a58c682540de9bf#git",
      "source": "devbox-search",
      "version": "2.48.1",
      "systems": {
        "aarch64-darwin": {
          "outputs": [
            {
              "name": "out",
              "path": "/nix/store/48bd3kx9xl36ixnzax9chik2y2l7lx9m-git-2.48.1",
              "default": true
            },
            {
              "name": "doc",
              "path": "/nix/store/7clrn7z9dxxl1n9hy2vy5nrk58mrb258-git-2.48.1-doc"
            }
          ],
          "store_path": "/nix/store/48bd3kx9xl36ixnzax9chik2y2l7lx9m-git-2.48.1"
        },
        "aarch64-linux": {
          "outputs": [
            {
              "name": "out",
              "path": "/nix/store/4rfdh67qx08marb8kwl8pk98pkwl8kiv-git-2.48.1",
              "default": true
            },
            {
              "name": "debug",
              "path": "/nix/store/yf283fv2zlaaaszdcfazbz1rg6d6f18q-git-2.48.1-debug"
            },
            {
              "name": "doc",
              "path": "/nix/store/c9hzqmbywb0basggdaylpc0j3r8j0dxs-git-2.48.1-doc"
            }
          ],
          "store_path": "/nix/store/4rfdh67qx08marb8kwl8pk98pkwl8kiv-git-2.48.1"
        },
        "x86_64-darwin": {
          "outputs": [
            {
              "name": "out",
              "path": "/nix/store/siawz69ch5kb1k1vaak8gbm6w5zmkbz6-git-2.48.1",
              "default": true
            },
            {
              "name": "doc",
              "path": "/nix/store/50346pq535sxngx9r0q1rf1bh0v01pyv-git-2.48.1-doc"
            }
          ],
          "store_path": "/nix/store/siawz69ch5kb1k1vaak8gbm6w5zmkbz6-git-2.48.1"
        },
        "x86_64-linux": {
          "outputs": [
            {
              "name": "out",
              "path": "/nix/store/nj1na0qwqhpd128vr71p70hz9jyhnz5x-git-2.48.1",
              "default": true
            },
            {
              "name": "doc",
              "path": "/nix/store/2g2q2z1rkc9lgy1ib2a5cgl9mrzhqbla-git-2.48.1-doc"
            },
            {
              "name": "debug",
              "path": "/nix/store/7gz9ywl4jw0clbbghaii5xgdivxsdgk3-git-2.48.1-debug"
            }
          ],
          "store_path": "/nix/store/nj1na0qwqhpd128vr71p70hz9jyhnz5x-git-2.48.1"
        }
      }
    },
    "github:NixOS/nixpkgs/nixpkgs-unstable": {
      "resolved": "github:NixOS/nixpkgs/02032da4af073d0f6110540c8677f16d4be0117f?lastModified=1741037377&narHash=sha256-SvtvVKHaUX4Owb%2BPasySwZsoc5VUeTf1px34BByiOxw%3D"
    },
    "less@latest": {
      "last_modified": "2025-02-07T11:26:36Z",
      "resolved": "github:NixOS/nixpkgs/d98abf5cf5914e5e4e9d57205e3af55ca90ffc1d#less",
      "source": "devbox-search",
      "version": "668",
      "systems": {
        "aarch64-darwin": {
          "outputs": [
            {
              "name": "out",
              "path": "/nix/store/0jvdg8qg5qf2hzslmyz4wlkvqxcfxz6p-less-668",
              "default": true
            },
            {
              "name": "man",
              "path": "/nix/store/yk2cm7hrvkc2mcs9xn87lv3plqz1z8v2-less-668-man",
              "default": true
            }
          ],
          "store_path": "/nix/store/0jvdg8qg5qf2hzslmyz4wlkvqxcfxz6p-less-668"
        },
        "aarch64-linux": {
          "outputs": [
            {
              "name": "out",
              "path": "/nix/store/l315xw99jm53gh1jin0h4xrq5knj4dr9-less-668",
              "default": true
            },
            {
              "name": "man",
              "path": "/nix/store/pxmsqna2cz6s5qcbcca167q2p1d4ifnz-less-668-man",
              "default": true
            }
          ],
          "store_path": "/nix/store/l315xw99jm53gh1jin0h4xrq5knj4dr9-less-668"
        },
        "x86_64-darwin": {
          "outputs": [
            {
              "name": "out",
              "path": "/nix/store/klqrlpzi20iacshjs9r3mvq19irzw0ay-less-668",
              "default": true
            },
            {
              "name": "man",
              "path": "/nix/store/i1p1h2p1b227msyx9j5lp8w3a2gvn6m5-less-668-man",
              "default": true
            }
          ],
          "store_path": "/nix/store/klqrlpzi20iacshjs9r3mvq19irzw0ay-less-668"
        },
        "x86_64-linux": {
          "outputs": [
            {
              "name": "out",
              "path": "/nix/store/m3ddz9mas3cqcx9500rqn59y0f7q9ykd-less-668",
              "default": true
            },
            {
              "name": "man",
              "path": "/nix/store/b60916dlncr25cw15hiy3kzm5x6qgl6b-less-668-man",
              "default": true
            }
          ],
          "store_path": "/nix/store/m3ddz9mas3cqcx9500rqn59y0f7q9ykd-less-668"
        }
      }
    },
    "libiconv@latest": {
      "last_modified": "2025-02-23T09:42:26Z",
      "resolved": "github:NixOS/nixpkgs/2d068ae5c6516b2d04562de50a58c682540de9bf#libiconv",
      "source": "devbox-search",
      "version": "109",
      "systems": {
        "aarch64-darwin": {
          "outputs": [
            {
              "name": "out",
              "path": "/nix/store/i0b08c8m02rs2sazmd7sr2zxbnz6ylsf-libiconv-109",
              "default": true
            },
            {
              "name": "dev",
              "path": "/nix/store/f4z2y0zn2bmrwywp67y3h21cmb6ky547-libiconv-109-dev"
            }
          ],
          "store_path": "/nix/store/i0b08c8m02rs2sazmd7sr2zxbnz6ylsf-libiconv-109"
        },
        "x86_64-darwin": {
          "outputs": [
            {
              "name": "out",
              "path": "/nix/store/j2wn93axgpip7m3nb5ccbqz7b48h9vkm-libiconv-109",
              "default": true
            },
            {
              "name": "dev",
              "path": "/nix/store/xchqc43a13p1vrdxi4sklsfm0ybm26mk-libiconv-109-dev"
            }
          ],
          "store_path": "/nix/store/j2wn93axgpip7m3nb5ccbqz7b48h9vkm-libiconv-109"
        }
      }
    },
    "nodejs@18": {
      "last_modified": "2025-02-07T11:26:36Z",
      "plugin_version": "0.0.2",
      "resolved": "github:NixOS/nixpkgs/d98abf5cf5914e5e4e9d57205e3af55ca90ffc1d#nodejs_18",
      "source": "devbox-search",
      "version": "18.20.6",
      "systems": {
        "aarch64-darwin": {
          "outputs": [
            {
              "name": "out",
              "path": "/nix/store/23bg0nd47da73sgljxizkg7v9khdw4az-nodejs-18.20.6",
              "default": true
            },
            {
              "name": "libv8",
              "path": "/nix/store/dvrqs027ljiya83mys1qv08cjc6fc4h0-nodejs-18.20.6-libv8"
            }
          ],
          "store_path": "/nix/store/23bg0nd47da73sgljxizkg7v9khdw4az-nodejs-18.20.6"
        },
        "aarch64-linux": {
          "outputs": [
            {
              "name": "out",
              "path": "/nix/store/v9w21arqydxj1hnswv31l2vk7q3cdqq3-nodejs-18.20.6",
              "default": true
            },
            {
              "name": "libv8",
              "path": "/nix/store/aikhb8l9qdq6f2fvgcjh6n97y9l6lnrw-nodejs-18.20.6-libv8"
            }
          ],
          "store_path": "/nix/store/v9w21arqydxj1hnswv31l2vk7q3cdqq3-nodejs-18.20.6"
        },
        "x86_64-darwin": {
          "outputs": [
            {
              "name": "out",
              "path": "/nix/store/812qxhp3sz2ilhg9fs02ckbmwpchxd17-nodejs-18.20.6",
              "default": true
            },
            {
              "name": "libv8",
              "path": "/nix/store/vwsmzjxmygvkz87v8bz2smvwhxzvsdds-nodejs-18.20.6-libv8"
            }
          ],
          "store_path": "/nix/store/812qxhp3sz2ilhg9fs02ckbmwpchxd17-nodejs-18.20.6"
        },
        "x86_64-linux": {
          "outputs": [
            {
              "name": "out",
              "path": "/nix/store/qwzy9qniaywm3dm162si7qvivhqvg5r0-nodejs-18.20.6",
              "default": true
            },
            {
              "name": "libv8",
              "path": "/nix/store/las0nz6smawdmbrgf4z244v96wpixfzk-nodejs-18.20.6-libv8"
            }
          ],
          "store_path": "/nix/store/qwzy9qniaywm3dm162si7qvivhqvg5r0-nodejs-18.20.6"
        }
      }
    },
    "openssh@latest": {
      "last_modified": "2025-02-28T17:02:31Z",
      "resolved": "github:NixOS/nixpkgs/5954d3359cc7178623da6c7fd23dc7f7504d7187#openssh",
      "source": "devbox-search",
      "version": "9.9p2",
      "systems": {
        "aarch64-darwin": {
          "outputs": [
            {
              "name": "out",
              "path": "/nix/store/2b5znr0a5w7dqjz7l56g2s85hcxf46mf-openssh-9.9p2",
              "default": true
            }
          ],
          "store_path": "/nix/store/2b5znr0a5w7dqjz7l56g2s85hcxf46mf-openssh-9.9p2"
        },
        "aarch64-linux": {
          "outputs": [
            {
              "name": "out",
              "path": "/nix/store/miwsxxn1z4hcwva3ra49psfi9b4bvq7f-openssh-9.9p2",
              "default": true
            }
          ],
          "store_path": "/nix/store/miwsxxn1z4hcwva3ra49psfi9b4bvq7f-openssh-9.9p2"
        },
        "x86_64-darwin": {
          "outputs": [
            {
              "name": "out",
              "path": "/nix/store/pqm75w1qjik18gv1axhh0f5bfsdhamlm-openssh-9.9p2",
              "default": true
            }
          ],
          "store_path": "/nix/store/pqm75w1qjik18gv1axhh0f5bfsdhamlm-openssh-9.9p2"
        },
        "x86_64-linux": {
          "outputs": [
            {
              "name": "out",
              "path": "/nix/store/b4hazryvspcy9vymdh68m1r6zdnfp6ly-openssh-9.9p2",
              "default": true
            }
          ],
          "store_path": "/nix/store/b4hazryvspcy9vymdh68m1r6zdnfp6ly-openssh-9.9p2"
        }
      }
    },
    "rustup@latest": {
      "last_modified": "2025-02-07T11:26:36Z",
      "plugin_version": "0.0.1",
      "resolved": "github:NixOS/nixpkgs/d98abf5cf5914e5e4e9d57205e3af55ca90ffc1d#rustup",
      "source": "devbox-search",
      "version": "1.27.1",
      "systems": {
        "aarch64-darwin": {
          "outputs": [
            {
              "name": "out",
              "path": "/nix/store/9b8v9lji5gjw5cj7f2nv3l184zyg0m3a-rustup-1.27.1",
              "default": true
            }
          ],
          "store_path": "/nix/store/9b8v9lji5gjw5cj7f2nv3l184zyg0m3a-rustup-1.27.1"
        },
        "aarch64-linux": {
          "outputs": [
            {
              "name": "out",
              "path": "/nix/store/d2g7zcymlvc5cjqcdpbqgrzzg2swwzik-rustup-1.27.1",
              "default": true
            }
          ],
          "store_path": "/nix/store/d2g7zcymlvc5cjqcdpbqgrzzg2swwzik-rustup-1.27.1"
        },
        "x86_64-darwin": {
          "outputs": [
            {
              "name": "out",
              "path": "/nix/store/sfmv13w9bqvnx03xshiwx387zwffh2iq-rustup-1.27.1",
              "default": true
            }
          ],
          "store_path": "/nix/store/sfmv13w9bqvnx03xshiwx387zwffh2iq-rustup-1.27.1"
        },
        "x86_64-linux": {
          "outputs": [
            {
              "name": "out",
              "path": "/nix/store/dqz7ghl1i46i8nswvkkl3h3jbhxkbchg-rustup-1.27.1",
              "default": true
            }
          ],
          "store_path": "/nix/store/dqz7ghl1i46i8nswvkkl3h3jbhxkbchg-rustup-1.27.1"
        }
      }
    },
    "trunk@latest": {
      "last_modified": "2025-02-23T09:42:26Z",
      "resolved": "github:NixOS/nixpkgs/2d068ae5c6516b2d04562de50a58c682540de9bf#trunk",
      "source": "devbox-search",
      "version": "0.21.7",
      "systems": {
        "aarch64-darwin": {
          "outputs": [
            {
              "name": "out",
              "path": "/nix/store/qyg5s235pdsnlvsaqkfp2v8qpxjvswc1-trunk-0.21.7",
              "default": true
            }
          ],
          "store_path": "/nix/store/qyg5s235pdsnlvsaqkfp2v8qpxjvswc1-trunk-0.21.7"
        },
        "aarch64-linux": {
          "outputs": [
            {
              "name": "out",
              "path": "/nix/store/4j8cflpbph3m8kgxwjwcvjsr7i8w855r-trunk-0.21.7",
              "default": true
            }
          ],
          "store_path": "/nix/store/4j8cflpbph3m8kgxwjwcvjsr7i8w855r-trunk-0.21.7"
        },
        "x86_64-darwin": {
          "outputs": [
            {
              "name": "out",
              "path": "/nix/store/8wfpm2a776zicab7i6bgbmw9q7rwkk05-trunk-0.21.7",
              "default": true
            }
          ],
          "store_path": "/nix/store/8wfpm2a776zicab7i6bgbmw9q7rwkk05-trunk-0.21.7"
        },
        "x86_64-linux": {
          "outputs": [
            {
              "name": "out",
              "path": "/nix/store/a8k6ggnqmv9dzdggxs4krbgcgq6x9s14-trunk-0.21.7",
              "default": true
            }
          ],
          "store_path": "/nix/store/a8k6ggnqmv9dzdggxs4krbgcgq6x9s14-trunk-0.21.7"
        }
      }
    },
    "vim@latest": {
      "last_modified": "2025-02-07T11:26:36Z",
      "resolved": "github:NixOS/nixpkgs/d98abf5cf5914e5e4e9d57205e3af55ca90ffc1d#vim",
      "source": "devbox-search",
      "version": "9.1.1046",
      "systems": {
        "aarch64-darwin": {
          "outputs": [
            {
              "name": "out",
              "path": "/nix/store/rx2i32cjx1y09n3qr5939xxfqjpkrhsr-vim-9.1.1046",
              "default": true
            },
            {
              "name": "xxd",
              "path": "/nix/store/kbq8w3npsqgdipxc3ml57z67s0gn95yf-vim-9.1.1046-xxd",
              "default": true
            }
          ],
          "store_path": "/nix/store/rx2i32cjx1y09n3qr5939xxfqjpkrhsr-vim-9.1.1046"
        },
        "aarch64-linux": {
          "outputs": [
            {
              "name": "out",
              "path": "/nix/store/j67dghzznffvqvdg4q676ygw2pif1hw9-vim-9.1.1046",
              "default": true
            },
            {
              "name": "xxd",
              "path": "/nix/store/0jh6sz9n3hrx7rnb44fq3xngya14ds4j-vim-9.1.1046-xxd",
              "default": true
            }
          ],
          "store_path": "/nix/store/j67dghzznffvqvdg4q676ygw2pif1hw9-vim-9.1.1046"
        },
        "x86_64-darwin": {
          "outputs": [
            {
              "name": "out",
              "path": "/nix/store/n4rw363dm6mmi8zrcyzd8k0yhmnyw333-vim-9.1.1046",
              "default": true
            },
            {
              "name": "xxd",
              "path": "/nix/store/kr9p6d9ws269mq9mf0b7al60b687x862-vim-9.1.1046-xxd",
              "default": true
            }
          ],
          "store_path": "/nix/store/n4rw363dm6mmi8zrcyzd8k0yhmnyw333-vim-9.1.1046"
        },
        "x86_64-linux": {
          "outputs": [
            {
              "name": "out",
              "path": "/nix/store/91af2356mvkx4km3ngqi7sgfv6kimnc7-vim-9.1.1046",
              "default": true
            },
            {
              "name": "xxd",
              "path": "/nix/store/4n2k7vffrqzgm8pxa1a4vdky1hzfyl2d-vim-9.1.1046-xxd",
              "default": true
            }
          ],
          "store_path": "/nix/store/91af2356mvkx4km3ngqi7sgfv6kimnc7-vim-9.1.1046"
        }
      }
    },
    "wasm-pack@latest": {
      "last_modified": "2025-02-07T11:26:36Z",
      "resolved": "github:NixOS/nixpkgs/d98abf5cf5914e5e4e9d57205e3af55ca90ffc1d#wasm-pack",
      "source": "devbox-search",
      "version": "0.13.1",
      "systems": {
        "aarch64-darwin": {
          "outputs": [
            {
              "name": "out",
              "path": "/nix/store/8ng9cb2q3i7n3gxha49lrksrpa70g16c-wasm-pack-0.13.1",
              "default": true
            }
          ],
          "store_path": "/nix/store/8ng9cb2q3i7n3gxha49lrksrpa70g16c-wasm-pack-0.13.1"
        },
        "aarch64-linux": {
          "outputs": [
            {
              "name": "out",
              "path": "/nix/store/mdqzvdybrhivhz4wmvc2k9vsnl6gvq34-wasm-pack-0.13.1",
              "default": true
            }
          ],
          "store_path": "/nix/store/mdqzvdybrhivhz4wmvc2k9vsnl6gvq34-wasm-pack-0.13.1"
        },
        "x86_64-darwin": {
          "outputs": [
            {
              "name": "out",
              "path": "/nix/store/ik7phkz2jaikipzrsp2d7iz8xffdq8cs-wasm-pack-0.13.1",
              "default": true
            }
          ],
          "store_path": "/nix/store/ik7phkz2jaikipzrsp2d7iz8xffdq8cs-wasm-pack-0.13.1"
        },
        "x86_64-linux": {
          "outputs": [
            {
              "name": "out",
              "path": "/nix/store/srjb601ikdig2506j2sqh4w0yga92j6b-wasm-pack-0.13.1",
              "default": true
            }
          ],
          "store_path": "/nix/store/srjb601ikdig2506j2sqh4w0yga92j6b-wasm-pack-0.13.1"
        }
      }
    },
    "which@latest": {
      "last_modified": "2025-02-23T09:42:26Z",
      "resolved": "github:NixOS/nixpkgs/2d068ae5c6516b2d04562de50a58c682540de9bf#which",
      "source": "devbox-search",
      "version": "2.23",
      "systems": {
        "aarch64-darwin": {
          "outputs": [
            {
              "name": "out",
              "path": "/nix/store/56wa1c17a4df7bfmqddll91k3nhwhz6s-which-2.23",
              "default": true
            }
          ],
          "store_path": "/nix/store/56wa1c17a4df7bfmqddll91k3nhwhz6s-which-2.23"
        },
        "aarch64-linux": {
          "outputs": [
            {
              "name": "out",
              "path": "/nix/store/z4bvs92ala9vvxg328lqf9rfwzgfnra7-which-2.23",
              "default": true
            }
          ],
          "store_path": "/nix/store/z4bvs92ala9vvxg328lqf9rfwzgfnra7-which-2.23"
        },
        "x86_64-darwin": {
          "outputs": [
            {
              "name": "out",
              "path": "/nix/store/0g38nld7caxywnjzcj4j4s0mkgrsnf39-which-2.23",
              "default": true
            }
          ],
          "store_path": "/nix/store/0g38nld7caxywnjzcj4j4s0mkgrsnf39-which-2.23"
        },
        "x86_64-linux": {
          "outputs": [
            {
              "name": "out",
              "path": "/nix/store/gz7xfvy4l9c54bxahaf2kn9rhwdpqx4z-which-2.23",
              "default": true
            }
          ],
          "store_path": "/nix/store/gz7xfvy4l9c54bxahaf2kn9rhwdpqx4z-which-2.23"
        }
      }
    }
  }
}
