{
  "lockfile_version": "1",
  "packages": {
    "darwin.apple_sdk.frameworks.Security": {
      "resolved": "github:NixOS/nixpkgs/75a52265bda7fd25e06e3a67dee3f0354e73243c#darwin.apple_sdk.frameworks.Security",
      "source": "nixpkg",
      "systems": {
        "aarch64-darwin": {
          "outputs": [
            {
              "path": "/nix/store/9jbhn62ld50znjqxll0q5gq9i4disc1s-apple-framework-Security-11.0.0",
              "default": true
            }
          ]
        }
      }
    },
    "darwin.apple_sdk.frameworks.SystemConfiguration": {
      "resolved": "github:NixOS/nixpkgs/75a52265bda7fd25e06e3a67dee3f0354e73243c#darwin.apple_sdk.frameworks.SystemConfiguration",
      "source": "nixpkg",
      "systems": {
        "aarch64-darwin": {
          "outputs": [
            {
              "path": "/nix/store/jaxmz1dvsz8il7nkxwzw8xfxac3sfz5v-apple-framework-SystemConfiguration-11.0.0",
              "default": true
            }
          ]
        }
      }
    },
    "git@latest": {
      "last_modified": "2024-08-14T11:41:26Z",
      "resolved": "github:NixOS/nixpkgs/0cb2fd7c59fed0cd82ef858cbcbdb552b9a33465#git",
      "source": "devbox-search",
      "version": "2.45.2",
      "systems": {
        "aarch64-darwin": {
          "outputs": [
            {
              "name": "out",
              "path": "/nix/store/0hiwlijxhs9mvigjfsggl5rkr4gpk52q-git-2.45.2",
              "default": true
            },
            {
              "name": "doc",
              "path": "/nix/store/rfzz8cr3hsk7gr35dk7hcbrfyqyxjibn-git-2.45.2-doc"
            }
          ],
          "store_path": "/nix/store/0hiwlijxhs9mvigjfsggl5rkr4gpk52q-git-2.45.2"
        },
        "aarch64-linux": {
          "outputs": [
            {
              "name": "out",
              "path": "/nix/store/psrwvc0d56phgxn35dam0mkl6793ii4m-git-2.45.2",
              "default": true
            },
            {
              "name": "debug",
              "path": "/nix/store/5hhh66s7rvqj321mp6dqshsrh16prycr-git-2.45.2-debug"
            },
            {
              "name": "doc",
              "path": "/nix/store/xymplxcmd2snjikl6z7i45v2mrn1ghbl-git-2.45.2-doc"
            }
          ],
          "store_path": "/nix/store/psrwvc0d56phgxn35dam0mkl6793ii4m-git-2.45.2"
        },
        "x86_64-darwin": {
          "outputs": [
            {
              "name": "out",
              "path": "/nix/store/82ibhj1j82f19d4vwn7z88c9b1zg7xxa-git-2.45.2",
              "default": true
            },
            {
              "name": "doc",
              "path": "/nix/store/z8q4agw3vfj7vlix8ppswrz900i6bsn3-git-2.45.2-doc"
            }
          ],
          "store_path": "/nix/store/82ibhj1j82f19d4vwn7z88c9b1zg7xxa-git-2.45.2"
        },
        "x86_64-linux": {
          "outputs": [
            {
              "name": "out",
              "path": "/nix/store/p45c31p2qhwjy4vf60v2d2mw9bvvpb67-git-2.45.2",
              "default": true
            },
            {
              "name": "debug",
              "path": "/nix/store/avmjkyw7m8qj9ylbziwigahmcyrgyxig-git-2.45.2-debug"
            },
            {
              "name": "doc",
              "path": "/nix/store/qlc68q98b3q3nd7prbdmkmm133vy2bf1-git-2.45.2-doc"
            }
          ],
          "store_path": "/nix/store/p45c31p2qhwjy4vf60v2d2mw9bvvpb67-git-2.45.2"
        }
      }
    },
    "less@latest": {
      "last_modified": "2024-08-14T11:41:26Z",
      "resolved": "github:NixOS/nixpkgs/0cb2fd7c59fed0cd82ef858cbcbdb552b9a33465#less",
      "source": "devbox-search",
      "version": "661",
      "systems": {
        "aarch64-darwin": {
          "outputs": [
            {
              "name": "out",
              "path": "/nix/store/jprg2czvy02z67zlz7r3g89m9l96xcj1-less-661",
              "default": true
            },
            {
              "name": "man",
              "path": "/nix/store/rcl5xwskryz2ydcv1bildcqp0qhbrdcp-less-661-man",
              "default": true
            }
          ],
          "store_path": "/nix/store/jprg2czvy02z67zlz7r3g89m9l96xcj1-less-661"
        },
        "aarch64-linux": {
          "outputs": [
            {
              "name": "out",
              "path": "/nix/store/7vw2q5m7qwam9cq5ix0sa81wvpxbv4n4-less-661",
              "default": true
            },
            {
              "name": "man",
              "path": "/nix/store/jj5yk5fksw867y8pchi0d64vz7v0rrgs-less-661-man",
              "default": true
            }
          ],
          "store_path": "/nix/store/7vw2q5m7qwam9cq5ix0sa81wvpxbv4n4-less-661"
        },
        "x86_64-darwin": {
          "outputs": [
            {
              "name": "out",
              "path": "/nix/store/wbzfabi4grgl5dircjhf95crawj5f9xp-less-661",
              "default": true
            },
            {
              "name": "man",
              "path": "/nix/store/3ydhdnyb3icxaxsx282vpzad2pxcr6i5-less-661-man",
              "default": true
            }
          ],
          "store_path": "/nix/store/wbzfabi4grgl5dircjhf95crawj5f9xp-less-661"
        },
        "x86_64-linux": {
          "outputs": [
            {
              "name": "out",
              "path": "/nix/store/1hjy5536gvxs11hkzb13f1mwm2p5zjv6-less-661",
              "default": true
            },
            {
              "name": "man",
              "path": "/nix/store/0rca3is3i18wv1masgm69nv06d1v3wld-less-661-man",
              "default": true
            }
          ],
          "store_path": "/nix/store/1hjy5536gvxs11hkzb13f1mwm2p5zjv6-less-661"
        }
      }
    },
    "libiconv@latest": {
      "last_modified": "2024-08-14T11:41:26Z",
      "resolved": "github:NixOS/nixpkgs/0cb2fd7c59fed0cd82ef858cbcbdb552b9a33465#libiconv",
      "source": "devbox-search",
      "version": "99",
      "systems": {
        "aarch64-darwin": {
          "outputs": [
            {
              "name": "out",
              "path": "/nix/store/4m2zvl17xzbsbpnlgisl5mnwn2d5gdd6-libiconv-99",
              "default": true
            },
            {
              "name": "dev",
              "path": "/nix/store/p8br93anpjh80j2fli7sj4bxf58fxysi-libiconv-99-dev"
            }
          ],
          "store_path": "/nix/store/4m2zvl17xzbsbpnlgisl5mnwn2d5gdd6-libiconv-99"
        },
        "x86_64-darwin": {
          "outputs": [
            {
              "name": "out",
              "path": "/nix/store/pm7prf7lkm7nqy91ywxmvm2s48v4dqlj-libiconv-99",
              "default": true
            },
            {
              "name": "dev",
              "path": "/nix/store/r8ag21rmf0v0w696q0axch6k9l1dy8wh-libiconv-99-dev"
            }
          ],
          "store_path": "/nix/store/pm7prf7lkm7nqy91ywxmvm2s48v4dqlj-libiconv-99"
        }
      }
    },
    "nodejs@18": {
      "last_modified": "2024-08-14T11:41:26Z",
      "plugin_version": "0.0.2",
      "resolved": "github:NixOS/nixpkgs/0cb2fd7c59fed0cd82ef858cbcbdb552b9a33465#nodejs_18",
      "source": "devbox-search",
      "version": "18.20.4",
      "systems": {
        "aarch64-darwin": {
          "outputs": [
            {
              "name": "out",
              "path": "/nix/store/jv2bz2b2pb2iy2q2i5r05b795fqvwai2-nodejs-18.20.4",
              "default": true
            },
            {
              "name": "libv8",
              "path": "/nix/store/pzm8crfgfkxrrp459wh3bd7mdlwq8nfs-nodejs-18.20.4-libv8"
            }
          ],
          "store_path": "/nix/store/jv2bz2b2pb2iy2q2i5r05b795fqvwai2-nodejs-18.20.4"
        },
        "aarch64-linux": {
          "outputs": [
            {
              "name": "out",
              "path": "/nix/store/d4jkkmx440krdz5izfy4kbwn3fpx69yp-nodejs-18.20.4",
              "default": true
            },
            {
              "name": "libv8",
              "path": "/nix/store/hl54kkx0ydb2hx75ni1l1fr7d0kgxazy-nodejs-18.20.4-libv8"
            }
          ],
          "store_path": "/nix/store/d4jkkmx440krdz5izfy4kbwn3fpx69yp-nodejs-18.20.4"
        },
        "x86_64-darwin": {
          "outputs": [
            {
              "name": "out",
              "path": "/nix/store/r0lkisl0y12p585lfa6a1c0h12zksz10-nodejs-18.20.4",
              "default": true
            },
            {
              "name": "libv8",
              "path": "/nix/store/8msf26g4k1j98sfsdyivmjndp2bapdxf-nodejs-18.20.4-libv8"
            }
          ],
          "store_path": "/nix/store/r0lkisl0y12p585lfa6a1c0h12zksz10-nodejs-18.20.4"
        },
        "x86_64-linux": {
          "outputs": [
            {
              "name": "out",
              "path": "/nix/store/k9pq7ijgg6jjynmkcn4radvm5pqrrndk-nodejs-18.20.4",
              "default": true
            },
            {
              "name": "libv8",
              "path": "/nix/store/da3ndzam8hfjd2ad47ddlyzglb71jxaf-nodejs-18.20.4-libv8"
            }
          ],
          "store_path": "/nix/store/k9pq7ijgg6jjynmkcn4radvm5pqrrndk-nodejs-18.20.4"
        }
      }
    },
    "openssh@latest": {
      "last_modified": "2024-08-14T11:41:26Z",
      "resolved": "github:NixOS/nixpkgs/0cb2fd7c59fed0cd82ef858cbcbdb552b9a33465#openssh",
      "source": "devbox-search",
      "version": "9.8p1",
      "systems": {
        "aarch64-darwin": {
          "outputs": [
            {
              "name": "out",
              "path": "/nix/store/yizghhxlspvaszsi4mqnm1sijj1wf6s3-openssh-9.8p1",
              "default": true
            }
          ],
          "store_path": "/nix/store/yizghhxlspvaszsi4mqnm1sijj1wf6s3-openssh-9.8p1"
        },
        "aarch64-linux": {
          "outputs": [
            {
              "name": "out",
              "path": "/nix/store/jgvb9mpfyrl0kc1adfx38dsgf8x33w11-openssh-9.8p1",
              "default": true
            }
          ],
          "store_path": "/nix/store/jgvb9mpfyrl0kc1adfx38dsgf8x33w11-openssh-9.8p1"
        },
        "x86_64-darwin": {
          "outputs": [
            {
              "name": "out",
              "path": "/nix/store/h3q7k4lq8bsxpj87768l092yp1lrp0lm-openssh-9.8p1",
              "default": true
            }
          ],
          "store_path": "/nix/store/h3q7k4lq8bsxpj87768l092yp1lrp0lm-openssh-9.8p1"
        },
        "x86_64-linux": {
          "outputs": [
            {
              "name": "out",
              "path": "/nix/store/qsl95d22jgnvd2z6l8lkfwbj1gkvim6p-openssh-9.8p1",
              "default": true
            }
          ],
          "store_path": "/nix/store/qsl95d22jgnvd2z6l8lkfwbj1gkvim6p-openssh-9.8p1"
        }
      }
    },
    "procps@latest": {
      "last_modified": "2024-08-14T11:41:26Z",
      "resolved": "github:NixOS/nixpkgs/0cb2fd7c59fed0cd82ef858cbcbdb552b9a33465#procps",
      "source": "devbox-search",
      "version": "3.3.17",
      "systems": {
        "aarch64-darwin": {
          "outputs": [
            {
              "name": "2008",
              "path": "/nix/store/r2bmahj4d1r76r7sggc2k0s1p02sp1gp-procps-1003.1-2008",
              "default": true
            }
          ]
        },
        "aarch64-linux": {
          "outputs": [
            {
              "name": "out",
              "path": "/nix/store/qywfynbhf6vh3a37n3512ncrkhzsxmf1-procps-3.3.17",
              "default": true
            }
          ],
          "store_path": "/nix/store/qywfynbhf6vh3a37n3512ncrkhzsxmf1-procps-3.3.17"
        },
        "x86_64-linux": {
          "outputs": [
            {
              "name": "out",
              "path": "/nix/store/rcqvjqwjf8x08p94i689gqd2ga49xqn6-procps-3.3.17",
              "default": true
            }
          ],
          "store_path": "/nix/store/rcqvjqwjf8x08p94i689gqd2ga49xqn6-procps-3.3.17"
        }
      }
    },
    "rustup@latest": {
      "last_modified": "2024-08-14T11:41:26Z",
      "plugin_version": "0.0.1",
      "resolved": "github:NixOS/nixpkgs/0cb2fd7c59fed0cd82ef858cbcbdb552b9a33465#rustup",
      "source": "devbox-search",
      "version": "1.27.1",
      "systems": {
        "aarch64-darwin": {
          "outputs": [
            {
              "name": "out",
              "path": "/nix/store/8n1fnihj1lxgwj2gmk54nwshv37d67a4-rustup-1.27.1",
              "default": true
            }
          ],
          "store_path": "/nix/store/8n1fnihj1lxgwj2gmk54nwshv37d67a4-rustup-1.27.1"
        },
        "aarch64-linux": {
          "outputs": [
            {
              "name": "out",
              "path": "/nix/store/bzmspl6g6lxgqpg64mmbn1q8306rbxn1-rustup-1.27.1",
              "default": true
            }
          ],
          "store_path": "/nix/store/bzmspl6g6lxgqpg64mmbn1q8306rbxn1-rustup-1.27.1"
        },
        "x86_64-darwin": {
          "outputs": [
            {
              "name": "out",
              "path": "/nix/store/6plkfpnj2zvn5dq6ln8r7jh40w7230jh-rustup-1.27.1",
              "default": true
            }
          ],
          "store_path": "/nix/store/6plkfpnj2zvn5dq6ln8r7jh40w7230jh-rustup-1.27.1"
        },
        "x86_64-linux": {
          "outputs": [
            {
              "name": "out",
              "path": "/nix/store/sd66x947abmdpga7b148khk9i4g7kv43-rustup-1.27.1",
              "default": true
            }
          ],
          "store_path": "/nix/store/sd66x947abmdpga7b148khk9i4g7kv43-rustup-1.27.1"
        }
      }
    },
    "trunk@latest": {
      "last_modified": "2024-08-14T11:41:26Z",
      "resolved": "github:NixOS/nixpkgs/0cb2fd7c59fed0cd82ef858cbcbdb552b9a33465#trunk",
      "source": "devbox-search",
      "version": "0.20.3",
      "systems": {
        "aarch64-darwin": {
          "outputs": [
            {
              "name": "out",
              "path": "/nix/store/8rrdnm5vqd9v61rbxhkrgycbfwjiaykn-trunk-0.20.3",
              "default": true
            }
          ],
          "store_path": "/nix/store/8rrdnm5vqd9v61rbxhkrgycbfwjiaykn-trunk-0.20.3"
        },
        "aarch64-linux": {
          "outputs": [
            {
              "name": "out",
              "path": "/nix/store/p0wh838rak0aq1aply7hjnz9f4a8r66z-trunk-0.20.3",
              "default": true
            }
          ],
          "store_path": "/nix/store/p0wh838rak0aq1aply7hjnz9f4a8r66z-trunk-0.20.3"
        },
        "x86_64-darwin": {
          "outputs": [
            {
              "name": "out",
              "path": "/nix/store/diii5lz9k4nnkgwga1k7biir6dhyh7kn-trunk-0.20.3",
              "default": true
            }
          ],
          "store_path": "/nix/store/diii5lz9k4nnkgwga1k7biir6dhyh7kn-trunk-0.20.3"
        },
        "x86_64-linux": {
          "outputs": [
            {
              "name": "out",
              "path": "/nix/store/18lj5w1529n3m4znq7k9mq98nd4lxny1-trunk-0.20.3",
              "default": true
            }
          ],
          "store_path": "/nix/store/18lj5w1529n3m4znq7k9mq98nd4lxny1-trunk-0.20.3"
        }
      }
    },
    "vim@latest": {
      "last_modified": "2024-08-14T11:41:26Z",
      "resolved": "github:NixOS/nixpkgs/0cb2fd7c59fed0cd82ef858cbcbdb552b9a33465#vim",
      "source": "devbox-search",
      "version": "9.1.0595",
      "systems": {
        "aarch64-darwin": {
          "outputs": [
            {
              "name": "out",
              "path": "/nix/store/s7arni8gjj5b77sw1qv8xpklqazcx9yd-vim-9.1.0595",
              "default": true
            },
            {
              "name": "xxd",
              "path": "/nix/store/6i7lgynna1bk44319xiap4a7ymi9v2fm-vim-9.1.0595-xxd",
              "default": true
            }
          ],
          "store_path": "/nix/store/s7arni8gjj5b77sw1qv8xpklqazcx9yd-vim-9.1.0595"
        },
        "aarch64-linux": {
          "outputs": [
            {
              "name": "out",
              "path": "/nix/store/r1b7bp9bn00mx6zp6nziwhv6c9a9zpl7-vim-9.1.0595",
              "default": true
            },
            {
              "name": "xxd",
              "path": "/nix/store/5hbsr0fzs0qg7kadbccmkd67ib3chs7p-vim-9.1.0595-xxd",
              "default": true
            }
          ],
          "store_path": "/nix/store/r1b7bp9bn00mx6zp6nziwhv6c9a9zpl7-vim-9.1.0595"
        },
        "x86_64-darwin": {
          "outputs": [
            {
              "name": "out",
              "path": "/nix/store/llqzlc672c9ch6a86zvh76gq5v5jnsv1-vim-9.1.0595",
              "default": true
            },
            {
              "name": "xxd",
              "path": "/nix/store/39w4fgmvnqajmn3pw8r0j81zrhpam7n3-vim-9.1.0595-xxd",
              "default": true
            }
          ],
          "store_path": "/nix/store/llqzlc672c9ch6a86zvh76gq5v5jnsv1-vim-9.1.0595"
        },
        "x86_64-linux": {
          "outputs": [
            {
              "name": "out",
              "path": "/nix/store/r2sjxb4zyl5jrb6s9jh78snv0si5h2gy-vim-9.1.0595",
              "default": true
            },
            {
              "name": "xxd",
              "path": "/nix/store/vzbif1ja5r0pscrndhcvfc38y07r33q6-vim-9.1.0595-xxd",
              "default": true
            }
          ],
          "store_path": "/nix/store/r2sjxb4zyl5jrb6s9jh78snv0si5h2gy-vim-9.1.0595"
        }
      }
    },
    "vscode@latest": {
      "last_modified": "2024-08-16T17:05:30Z",
      "resolved": "github:NixOS/nixpkgs/d4a7a4d0e066278bfb0d77bd2a7adde1c0ec9e3d#vscode",
      "source": "devbox-search",
      "version": "1.92.2",
      "systems": {
        "aarch64-darwin": {
          "outputs": [
            {
              "name": "out",
              "path": "/nix/store/w1vy2d50lcgvj24vmwl99cz81kvynhaj-vscode-1.92.2",
              "default": true
            }
          ],
          "store_path": "/nix/store/w1vy2d50lcgvj24vmwl99cz81kvynhaj-vscode-1.92.2"
        },
        "aarch64-linux": {
          "outputs": [
            {
              "name": "out",
              "path": "/nix/store/1glwx946zpqqndf8q4pirg7nwl1zhga1-vscode-1.92.2",
              "default": true
            }
          ],
          "store_path": "/nix/store/1glwx946zpqqndf8q4pirg7nwl1zhga1-vscode-1.92.2"
        },
        "x86_64-darwin": {
          "outputs": [
            {
              "name": "out",
              "path": "/nix/store/zsxk3wcy156yly0401a92dp8c5rwfdcx-vscode-1.92.2",
              "default": true
            }
          ],
          "store_path": "/nix/store/zsxk3wcy156yly0401a92dp8c5rwfdcx-vscode-1.92.2"
        },
        "x86_64-linux": {
          "outputs": [
            {
              "name": "out",
              "path": "/nix/store/3xm62iszlb6q0fzpgcvyh5fc0p37amhz-vscode-1.92.2",
              "default": true
            }
          ],
          "store_path": "/nix/store/3xm62iszlb6q0fzpgcvyh5fc0p37amhz-vscode-1.92.2"
        }
      }
    },
    "wasm-pack@latest": {
      "last_modified": "2024-08-14T11:41:26Z",
      "resolved": "github:NixOS/nixpkgs/0cb2fd7c59fed0cd82ef858cbcbdb552b9a33465#wasm-pack",
      "source": "devbox-search",
      "version": "0.12.1",
      "systems": {
        "aarch64-darwin": {
          "outputs": [
            {
              "name": "out",
              "path": "/nix/store/bgrah2f4wvxk9m8y201jlpm61wdxvl2h-wasm-pack-0.12.1",
              "default": true
            }
          ],
          "store_path": "/nix/store/bgrah2f4wvxk9m8y201jlpm61wdxvl2h-wasm-pack-0.12.1"
        },
        "aarch64-linux": {
          "outputs": [
            {
              "name": "out",
              "path": "/nix/store/ipidznvb8js05w51xvs58klqhby6yr28-wasm-pack-0.12.1",
              "default": true
            }
          ],
          "store_path": "/nix/store/ipidznvb8js05w51xvs58klqhby6yr28-wasm-pack-0.12.1"
        },
        "x86_64-darwin": {
          "outputs": [
            {
              "name": "out",
              "path": "/nix/store/xpgwwwvag1b3arn7ipv2zrwf75gllkk5-wasm-pack-0.12.1",
              "default": true
            }
          ],
          "store_path": "/nix/store/xpgwwwvag1b3arn7ipv2zrwf75gllkk5-wasm-pack-0.12.1"
        },
        "x86_64-linux": {
          "outputs": [
            {
              "name": "out",
              "path": "/nix/store/4mick6d3x1w5ky4szizqwn4l5ry07l5w-wasm-pack-0.12.1",
              "default": true
            }
          ],
          "store_path": "/nix/store/4mick6d3x1w5ky4szizqwn4l5ry07l5w-wasm-pack-0.12.1"
        }
      }
    },
    "which@latest": {
      "last_modified": "2024-08-14T11:41:26Z",
      "resolved": "github:NixOS/nixpkgs/0cb2fd7c59fed0cd82ef858cbcbdb552b9a33465#which",
      "source": "devbox-search",
      "version": "2.21",
      "systems": {
        "aarch64-darwin": {
          "outputs": [
            {
              "name": "out",
              "path": "/nix/store/6wqn8h6m6dwgj6rcfwcbgygwql9fr240-which-2.21",
              "default": true
            }
          ],
          "store_path": "/nix/store/6wqn8h6m6dwgj6rcfwcbgygwql9fr240-which-2.21"
        },
        "aarch64-linux": {
          "outputs": [
            {
              "name": "out",
              "path": "/nix/store/f0vx9zsf4bkfajiyh5d0vh4cvlcw9sn6-which-2.21",
              "default": true
            }
          ],
          "store_path": "/nix/store/f0vx9zsf4bkfajiyh5d0vh4cvlcw9sn6-which-2.21"
        },
        "x86_64-darwin": {
          "outputs": [
            {
              "name": "out",
              "path": "/nix/store/72v7pjm9261gjpsqib25isy8v37mffqk-which-2.21",
              "default": true
            }
          ],
          "store_path": "/nix/store/72v7pjm9261gjpsqib25isy8v37mffqk-which-2.21"
        },
        "x86_64-linux": {
          "outputs": [
            {
              "name": "out",
              "path": "/nix/store/53g1kcxlv9fi3v5zsksg6f5yq3iggszz-which-2.21",
              "default": true
            }
          ],
          "store_path": "/nix/store/53g1kcxlv9fi3v5zsksg6f5yq3iggszz-which-2.21"
        }
      }
    }
  }
}
